// !$*UTF8*$!
{
	archiveVersion = 1;
	classes = {
	};
	objectVersion = 46;
	objects = {

/* Begin PBXBuildFile section */
		A94920861DF5612C0089A184 /* main.m in Sources */ = {isa = PBXBuildFile; fileRef = A94920851DF5612C0089A184 /* main.m */; };
		A94920891DF5612C0089A184 /* AppDelegate.m in Sources */ = {isa = PBXBuildFile; fileRef = A94920881DF5612C0089A184 /* AppDelegate.m */; };
		A949208C1DF5612C0089A184 /* ViewController.m in Sources */ = {isa = PBXBuildFile; fileRef = A949208B1DF5612C0089A184 /* ViewController.m */; };
		A949208F1DF5612C0089A184 /* Main.storyboard in Resources */ = {isa = PBXBuildFile; fileRef = A949208D1DF5612C0089A184 /* Main.storyboard */; };
		A94920911DF5612C0089A184 /* Assets.xcassets in Resources */ = {isa = PBXBuildFile; fileRef = A94920901DF5612C0089A184 /* Assets.xcassets */; };
		A94920941DF5612C0089A184 /* LaunchScreen.storyboard in Resources */ = {isa = PBXBuildFile; fileRef = A94920921DF5612C0089A184 /* LaunchScreen.storyboard */; };
		A949209F1DF5612C0089A184 /* CYButtonTests.m in Sources */ = {isa = PBXBuildFile; fileRef = A949209E1DF5612C0089A184 /* CYButtonTests.m */; };
		A94920AA1DF5612C0089A184 /* CYButtonUITests.m in Sources */ = {isa = PBXBuildFile; fileRef = A94920A91DF5612C0089A184 /* CYButtonUITests.m */; };
		A94920B91DF561450089A184 /* CYButton.m in Sources */ = {isa = PBXBuildFile; fileRef = A94920B81DF561450089A184 /* CYButton.m */; };
/* End PBXBuildFile section */

/* Begin PBXContainerItemProxy section */
		A949209B1DF5612C0089A184 /* PBXContainerItemProxy */ = {
			isa = PBXContainerItemProxy;
			containerPortal = A94920791DF5612C0089A184 /* Project object */;
			proxyType = 1;
			remoteGlobalIDString = A94920801DF5612C0089A184;
			remoteInfo = CYButton;
		};
		A94920A61DF5612C0089A184 /* PBXContainerItemProxy */ = {
			isa = PBXContainerItemProxy;
			containerPortal = A94920791DF5612C0089A184 /* Project object */;
			proxyType = 1;
			remoteGlobalIDString = A94920801DF5612C0089A184;
			remoteInfo = CYButton;
		};
/* End PBXContainerItemProxy section */

/* Begin PBXFileReference section */
		A94920811DF5612C0089A184 /* CYButton.app */ = {isa = PBXFileReference; explicitFileType = wrapper.application; includeInIndex = 0; path = CYButton.app; sourceTree = BUILT_PRODUCTS_DIR; };
		A94920851DF5612C0089A184 /* main.m */ = {isa = PBXFileReference; lastKnownFileType = sourcecode.c.objc; path = main.m; sourceTree = "<group>"; };
		A94920871DF5612C0089A184 /* AppDelegate.h */ = {isa = PBXFileReference; lastKnownFileType = sourcecode.c.h; path = AppDelegate.h; sourceTree = "<group>"; };
		A94920881DF5612C0089A184 /* AppDelegate.m */ = {isa = PBXFileReference; lastKnownFileType = sourcecode.c.objc; path = AppDelegate.m; sourceTree = "<group>"; };
		A949208A1DF5612C0089A184 /* ViewController.h */ = {isa = PBXFileReference; lastKnownFileType = sourcecode.c.h; path = ViewController.h; sourceTree = "<group>"; };
		A949208B1DF5612C0089A184 /* ViewController.m */ = {isa = PBXFileReference; lastKnownFileType = sourcecode.c.objc; path = ViewController.m; sourceTree = "<group>"; };
		A949208E1DF5612C0089A184 /* Base */ = {isa = PBXFileReference; lastKnownFileType = file.storyboard; name = Base; path = Base.lproj/Main.storyboard; sourceTree = "<group>"; };
		A94920901DF5612C0089A184 /* Assets.xcassets */ = {isa = PBXFileReference; lastKnownFileType = folder.assetcatalog; path = Assets.xcassets; sourceTree = "<group>"; };
		A94920931DF5612C0089A184 /* Base */ = {isa = PBXFileReference; lastKnownFileType = file.storyboard; name = Base; path = Base.lproj/LaunchScreen.storyboard; sourceTree = "<group>"; };
		A94920951DF5612C0089A184 /* Info.plist */ = {isa = PBXFileReference; lastKnownFileType = text.plist.xml; path = Info.plist; sourceTree = "<group>"; };
		A949209A1DF5612C0089A184 /* CYButtonTests.xctest */ = {isa = PBXFileReference; explicitFileType = wrapper.cfbundle; includeInIndex = 0; path = CYButtonTests.xctest; sourceTree = BUILT_PRODUCTS_DIR; };
		A949209E1DF5612C0089A184 /* CYButtonTests.m */ = {isa = PBXFileReference; lastKnownFileType = sourcecode.c.objc; path = CYButtonTests.m; sourceTree = "<group>"; };
		A94920A01DF5612C0089A184 /* Info.plist */ = {isa = PBXFileReference; lastKnownFileType = text.plist.xml; path = Info.plist; sourceTree = "<group>"; };
		A94920A51DF5612C0089A184 /* CYButtonUITests.xctest */ = {isa = PBXFileReference; explicitFileType = wrapper.cfbundle; includeInIndex = 0; path = CYButtonUITests.xctest; sourceTree = BUILT_PRODUCTS_DIR; };
		A94920A91DF5612C0089A184 /* CYButtonUITests.m */ = {isa = PBXFileReference; lastKnownFileType = sourcecode.c.objc; path = CYButtonUITests.m; sourceTree = "<group>"; };
		A94920AB1DF5612C0089A184 /* Info.plist */ = {isa = PBXFileReference; lastKnownFileType = text.plist.xml; path = Info.plist; sourceTree = "<group>"; };
		A94920B71DF561450089A184 /* CYButton.h */ = {isa = PBXFileReference; fileEncoding = 4; lastKnownFileType = sourcecode.c.h; path = CYButton.h; sourceTree = "<group>"; };
		A94920B81DF561450089A184 /* CYButton.m */ = {isa = PBXFileReference; fileEncoding = 4; lastKnownFileType = sourcecode.c.objc; path = CYButton.m; sourceTree = "<group>"; };
/* End PBXFileReference section */

/* Begin PBXFrameworksBuildPhase section */
		A949207E1DF5612C0089A184 /* Frameworks */ = {
			isa = PBXFrameworksBuildPhase;
			buildActionMask = 2147483647;
			files = (
			);
			runOnlyForDeploymentPostprocessing = 0;
		};
		A94920971DF5612C0089A184 /* Frameworks */ = {
			isa = PBXFrameworksBuildPhase;
			buildActionMask = 2147483647;
			files = (
			);
			runOnlyForDeploymentPostprocessing = 0;
		};
		A94920A21DF5612C0089A184 /* Frameworks */ = {
			isa = PBXFrameworksBuildPhase;
			buildActionMask = 2147483647;
			files = (
			);
			runOnlyForDeploymentPostprocessing = 0;
		};
/* End PBXFrameworksBuildPhase section */

/* Begin PBXGroup section */
		A94920781DF5612C0089A184 = {
			isa = PBXGroup;
			children = (
				A94920831DF5612C0089A184 /* CYButton */,
				A949209D1DF5612C0089A184 /* CYButtonTests */,
				A94920A81DF5612C0089A184 /* CYButtonUITests */,
				A94920821DF5612C0089A184 /* Products */,
			);
			sourceTree = "<group>";
		};
		A94920821DF5612C0089A184 /* Products */ = {
			isa = PBXGroup;
			children = (
				A94920811DF5612C0089A184 /* CYButton.app */,
				A949209A1DF5612C0089A184 /* CYButtonTests.xctest */,
				A94920A51DF5612C0089A184 /* CYButtonUITests.xctest */,
			);
			name = Products;
			sourceTree = "<group>";
		};
		A94920831DF5612C0089A184 /* CYButton */ = {
			isa = PBXGroup;
			children = (
				A94920871DF5612C0089A184 /* AppDelegate.h */,
				A94920881DF5612C0089A184 /* AppDelegate.m */,
				A949208A1DF5612C0089A184 /* ViewController.h */,
				A949208B1DF5612C0089A184 /* ViewController.m */,
				A94920B71DF561450089A184 /* CYButton.h */,
				A94920B81DF561450089A184 /* CYButton.m */,
				A949208D1DF5612C0089A184 /* Main.storyboard */,
				A94920901DF5612C0089A184 /* Assets.xcassets */,
				A94920921DF5612C0089A184 /* LaunchScreen.storyboard */,
				A94920951DF5612C0089A184 /* Info.plist */,
				A94920841DF5612C0089A184 /* Supporting Files */,
			);
			path = CYButton;
			sourceTree = "<group>";
		};
		A94920841DF5612C0089A184 /* Supporting Files */ = {
			isa = PBXGroup;
			children = (
				A94920851DF5612C0089A184 /* main.m */,
			);
			name = "Supporting Files";
			sourceTree = "<group>";
		};
		A949209D1DF5612C0089A184 /* CYButtonTests */ = {
			isa = PBXGroup;
			children = (
				A949209E1DF5612C0089A184 /* CYButtonTests.m */,
				A94920A01DF5612C0089A184 /* Info.plist */,
			);
			path = CYButtonTests;
			sourceTree = "<group>";
		};
		A94920A81DF5612C0089A184 /* CYButtonUITests */ = {
			isa = PBXGroup;
			children = (
				A94920A91DF5612C0089A184 /* CYButtonUITests.m */,
				A94920AB1DF5612C0089A184 /* Info.plist */,
			);
			path = CYButtonUITests;
			sourceTree = "<group>";
		};
/* End PBXGroup section */

/* Begin PBXNativeTarget section */
		A94920801DF5612C0089A184 /* CYButton */ = {
			isa = PBXNativeTarget;
			buildConfigurationList = A94920AE1DF5612C0089A184 /* Build configuration list for PBXNativeTarget "CYButton" */;
			buildPhases = (
				A949207D1DF5612C0089A184 /* Sources */,
				A949207E1DF5612C0089A184 /* Frameworks */,
				A949207F1DF5612C0089A184 /* Resources */,
			);
			buildRules = (
			);
			dependencies = (
			);
			name = CYButton;
			productName = CYButton;
			productReference = A94920811DF5612C0089A184 /* CYButton.app */;
			productType = "com.apple.product-type.application";
		};
		A94920991DF5612C0089A184 /* CYButtonTests */ = {
			isa = PBXNativeTarget;
			buildConfigurationList = A94920B11DF5612C0089A184 /* Build configuration list for PBXNativeTarget "CYButtonTests" */;
			buildPhases = (
				A94920961DF5612C0089A184 /* Sources */,
				A94920971DF5612C0089A184 /* Frameworks */,
				A94920981DF5612C0089A184 /* Resources */,
			);
			buildRules = (
			);
			dependencies = (
				A949209C1DF5612C0089A184 /* PBXTargetDependency */,
			);
			name = CYButtonTests;
			productName = CYButtonTests;
			productReference = A949209A1DF5612C0089A184 /* CYButtonTests.xctest */;
			productType = "com.apple.product-type.bundle.unit-test";
		};
		A94920A41DF5612C0089A184 /* CYButtonUITests */ = {
			isa = PBXNativeTarget;
			buildConfigurationList = A94920B41DF5612C0089A184 /* Build configuration list for PBXNativeTarget "CYButtonUITests" */;
			buildPhases = (
				A94920A11DF5612C0089A184 /* Sources */,
				A94920A21DF5612C0089A184 /* Frameworks */,
				A94920A31DF5612C0089A184 /* Resources */,
			);
			buildRules = (
			);
			dependencies = (
				A94920A71DF5612C0089A184 /* PBXTargetDependency */,
			);
			name = CYButtonUITests;
			productName = CYButtonUITests;
			productReference = A94920A51DF5612C0089A184 /* CYButtonUITests.xctest */;
			productType = "com.apple.product-type.bundle.ui-testing";
		};
/* End PBXNativeTarget section */

/* Begin PBXProject section */
		A94920791DF5612C0089A184 /* Project object */ = {
			isa = PBXProject;
			attributes = {
				LastUpgradeCheck = 0730;
				ORGANIZATIONNAME = cyy;
				TargetAttributes = {
					A94920801DF5612C0089A184 = {
						CreatedOnToolsVersion = 7.3.1;
					};
					A94920991DF5612C0089A184 = {
						CreatedOnToolsVersion = 7.3.1;
						TestTargetID = A94920801DF5612C0089A184;
					};
					A94920A41DF5612C0089A184 = {
						CreatedOnToolsVersion = 7.3.1;
						TestTargetID = A94920801DF5612C0089A184;
					};
				};
			};
			buildConfigurationList = A949207C1DF5612C0089A184 /* Build configuration list for PBXProject "CYButton" */;
			compatibilityVersion = "Xcode 3.2";
			developmentRegion = English;
			hasScannedForEncodings = 0;
			knownRegions = (
				en,
				Base,
			);
			mainGroup = A94920781DF5612C0089A184;
			productRefGroup = A94920821DF5612C0089A184 /* Products */;
			projectDirPath = "";
			projectRoot = "";
			targets = (
				A94920801DF5612C0089A184 /* CYButton */,
				A94920991DF5612C0089A184 /* CYButtonTests */,
				A94920A41DF5612C0089A184 /* CYButtonUITests */,
			);
		};
/* End PBXProject section */

/* Begin PBXResourcesBuildPhase section */
		A949207F1DF5612C0089A184 /* Resources */ = {
			isa = PBXResourcesBuildPhase;
			buildActionMask = 2147483647;
			files = (
				A94920941DF5612C0089A184 /* LaunchScreen.storyboard in Resources */,
				A94920911DF5612C0089A184 /* Assets.xcassets in Resources */,
				A949208F1DF5612C0089A184 /* Main.storyboard in Resources */,
			);
			runOnlyForDeploymentPostprocessing = 0;
		};
		A94920981DF5612C0089A184 /* Resources */ = {
			isa = PBXResourcesBuildPhase;
			buildActionMask = 2147483647;
			files = (
			);
			runOnlyForDeploymentPostprocessing = 0;
		};
		A94920A31DF5612C0089A184 /* Resources */ = {
			isa = PBXResourcesBuildPhase;
			buildActionMask = 2147483647;
			files = (
			);
			runOnlyForDeploymentPostprocessing = 0;
		};
/* End PBXResourcesBuildPhase section */

/* Begin PBXSourcesBuildPhase section */
		A949207D1DF5612C0089A184 /* Sources */ = {
			isa = PBXSourcesBuildPhase;
			buildActionMask = 2147483647;
			files = (
				A949208C1DF5612C0089A184 /* ViewController.m in Sources */,
				A94920B91DF561450089A184 /* CYButton.m in Sources */,
				A94920891DF5612C0089A184 /* AppDelegate.m in Sources */,
				A94920861DF5612C0089A184 /* main.m in Sources */,
			);
			runOnlyForDeploymentPostprocessing = 0;
		};
		A94920961DF5612C0089A184 /* Sources */ = {
			isa = PBXSourcesBuildPhase;
			buildActionMask = 2147483647;
			files = (
				A949209F1DF5612C0089A184 /* CYButtonTests.m in Sources */,
			);
			runOnlyForDeploymentPostprocessing = 0;
		};
		A94920A11DF5612C0089A184 /* Sources */ = {
			isa = PBXSourcesBuildPhase;
			buildActionMask = 2147483647;
			files = (
				A94920AA1DF5612C0089A184 /* CYButtonUITests.m in Sources */,
			);
			runOnlyForDeploymentPostprocessing = 0;
		};
/* End PBXSourcesBuildPhase section */

/* Begin PBXTargetDependency section */
		A949209C1DF5612C0089A184 /* PBXTargetDependency */ = {
			isa = PBXTargetDependency;
			target = A94920801DF5612C0089A184 /* CYButton */;
			targetProxy = A949209B1DF5612C0089A184 /* PBXContainerItemProxy */;
		};
		A94920A71DF5612C0089A184 /* PBXTargetDependency */ = {
			isa = PBXTargetDependency;
			target = A94920801DF5612C0089A184 /* CYButton */;
			targetProxy = A94920A61DF5612C0089A184 /* PBXContainerItemProxy */;
		};
/* End PBXTargetDependency section */

/* Begin PBXVariantGroup section */
		A949208D1DF5612C0089A184 /* Main.storyboard */ = {
			isa = PBXVariantGroup;
			children = (
				A949208E1DF5612C0089A184 /* Base */,
			);
			name = Main.storyboard;
			sourceTree = "<group>";
		};
		A94920921DF5612C0089A184 /* LaunchScreen.storyboard */ = {
			isa = PBXVariantGroup;
			children = (
				A94920931DF5612C0089A184 /* Base */,
			);
			name = LaunchScreen.storyboard;
			sourceTree = "<group>";
		};
/* End PBXVariantGroup section */

/* Begin XCBuildConfiguration section */
		A94920AC1DF5612C0089A184 /* Debug */ = {
			isa = XCBuildConfiguration;
			buildSettings = {
				ALWAYS_SEARCH_USER_PATHS = NO;
				CLANG_ANALYZER_NONNULL = YES;
				CLANG_CXX_LANGUAGE_STANDARD = "gnu++0x";
				CLANG_CXX_LIBRARY = "libc++";
				CLANG_ENABLE_MODULES = YES;
				CLANG_ENABLE_OBJC_ARC = YES;
				CLANG_WARN_BOOL_CONVERSION = YES;
				CLANG_WARN_CONSTANT_CONVERSION = YES;
				CLANG_WARN_DIRECT_OBJC_ISA_USAGE = YES_ERROR;
				CLANG_WARN_EMPTY_BODY = YES;
				CLANG_WARN_ENUM_CONVERSION = YES;
				CLANG_WARN_INT_CONVERSION = YES;
				CLANG_WARN_OBJC_ROOT_CLASS = YES_ERROR;
				CLANG_WARN_UNREACHABLE_CODE = YES;
				CLANG_WARN__DUPLICATE_METHOD_MATCH = YES;
				"CODE_SIGN_IDENTITY[sdk=iphoneos*]" = "iPhone Developer";
				COPY_PHASE_STRIP = NO;
				DEBUG_INFORMATION_FORMAT = dwarf;
				ENABLE_STRICT_OBJC_MSGSEND = YES;
				ENABLE_TESTABILITY = YES;
				GCC_C_LANGUAGE_STANDARD = gnu99;
				GCC_DYNAMIC_NO_PIC = NO;
				GCC_NO_COMMON_BLOCKS = YES;
				GCC_OPTIMIZATION_LEVEL = 0;
				GCC_PREPROCESSOR_DEFINITIONS = (
					"DEBUG=1",
					"$(inherited)",
				);
				GCC_WARN_64_TO_32_BIT_CONVERSION = YES;
				GCC_WARN_ABOUT_RETURN_TYPE = YES_ERROR;
				GCC_WARN_UNDECLARED_SELECTOR = YES;
				GCC_WARN_UNINITIALIZED_AUTOS = YES_AGGRESSIVE;
				GCC_WARN_UNUSED_FUNCTION = YES;
				GCC_WARN_UNUSED_VARIABLE = YES;
				IPHONEOS_DEPLOYMENT_TARGET = 9.3;
				MTL_ENABLE_DEBUG_INFO = YES;
				ONLY_ACTIVE_ARCH = YES;
				SDKROOT = iphoneos;
			};
			name = Debug;
		};
		A94920AD1DF5612C0089A184 /* Release */ = {
			isa = XCBuildConfiguration;
			buildSettings = {
				ALWAYS_SEARCH_USER_PATHS = NO;
				CLANG_ANALYZER_NONNULL = YES;
				CLANG_CXX_LANGUAGE_STANDARD = "gnu++0x";
				CLANG_CXX_LIBRARY = "libc++";
				CLANG_ENABLE_MODULES = YES;
				CLANG_ENABLE_OBJC_ARC = YES;
				CLANG_WARN_BOOL_CONVERSION = YES;
				CLANG_WARN_CONSTANT_CONVERSION = YES;
				CLANG_WARN_DIRECT_OBJC_ISA_USAGE = YES_ERROR;
				CLANG_WARN_EMPTY_BODY = YES;
				CLANG_WARN_ENUM_CONVERSION = YES;
				CLANG_WARN_INT_CONVERSION = YES;
				CLANG_WARN_OBJC_ROOT_CLASS = YES_ERROR;
				CLANG_WARN_UNREACHABLE_CODE = YES;
				CLANG_WARN__DUPLICATE_METHOD_MATCH = YES;
				"CODE_SIGN_IDENTITY[sdk=iphoneos*]" = "iPhone Developer";
				COPY_PHASE_STRIP = NO;
				DEBUG_INFORMATION_FORMAT = "dwarf-with-dsym";
				ENABLE_NS_ASSERTIONS = NO;
				ENABLE_STRICT_OBJC_MSGSEND = YES;
				GCC_C_LANGUAGE_STANDARD = gnu99;
				GCC_NO_COMMON_BLOCKS = YES;
				GCC_WARN_64_TO_32_BIT_CONVERSION = YES;
				GCC_WARN_ABOUT_RETURN_TYPE = YES_ERROR;
				GCC_WARN_UNDECLARED_SELECTOR = YES;
				GCC_WARN_UNINITIALIZED_AUTOS = YES_AGGRESSIVE;
				GCC_WARN_UNUSED_FUNCTION = YES;
				GCC_WARN_UNUSED_VARIABLE = YES;
				IPHONEOS_DEPLOYMENT_TARGET = 9.3;
				MTL_ENABLE_DEBUG_INFO = NO;
				SDKROOT = iphoneos;
				VALIDATE_PRODUCT = YES;
			};
			name = Release;
		};
		A94920AF1DF5612C0089A184 /* Debug */ = {
			isa = XCBuildConfiguration;
			buildSettings = {
				ASSETCATALOG_COMPILER_APPICON_NAME = AppIcon;
				INFOPLIST_FILE = CYButton/Info.plist;
				LD_RUNPATH_SEARCH_PATHS = "$(inherited) @executable_path/Frameworks";
				PRODUCT_BUNDLE_IDENTIFIER = com.yod.CYButton;
				PRODUCT_NAME = "$(TARGET_NAME)";
			};
			name = Debug;
		};
		A94920B01DF5612C0089A184 /* Release */ = {
			isa = XCBuildConfiguration;
			buildSettings = {
				ASSETCATALOG_COMPILER_APPICON_NAME = AppIcon;
				INFOPLIST_FILE = CYButton/Info.plist;
				LD_RUNPATH_SEARCH_PATHS = "$(inherited) @executable_path/Frameworks";
				PRODUCT_BUNDLE_IDENTIFIER = com.yod.CYButton;
				PRODUCT_NAME = "$(TARGET_NAME)";
			};
			name = Release;
		};
		A94920B21DF5612C0089A184 /* Debug */ = {
			isa = XCBuildConfiguration;
			buildSettings = {
				BUNDLE_LOADER = "$(TEST_HOST)";
				INFOPLIST_FILE = CYButtonTests/Info.plist;
				LD_RUNPATH_SEARCH_PATHS = "$(inherited) @executable_path/Frameworks @loader_path/Frameworks";
				PRODUCT_BUNDLE_IDENTIFIER = com.yod.CYButtonTests;
				PRODUCT_NAME = "$(TARGET_NAME)";
				TEST_HOST = "$(BUILT_PRODUCTS_DIR)/CYButton.app/CYButton";
			};
			name = Debug;
		};
		A94920B31DF5612C0089A184 /* Release */ = {
			isa = XCBuildConfiguration;
			buildSettings = {
				BUNDLE_LOADER = "$(TEST_HOST)";
				INFOPLIST_FILE = CYButtonTests/Info.plist;
				LD_RUNPATH_SEARCH_PATHS = "$(inherited) @executable_path/Frameworks @loader_path/Frameworks";
				PRODUCT_BUNDLE_IDENTIFIER = com.yod.CYButtonTests;
				PRODUCT_NAME = "$(TARGET_NAME)";
				TEST_HOST = "$(BUILT_PRODUCTS_DIR)/CYButton.app/CYButton";
			};
			name = Release;
		};
		A94920B51DF5612C0089A184 /* Debug */ = {
			isa = XCBuildConfiguration;
			buildSettings = {
				INFOPLIST_FILE = CYButtonUITests/Info.plist;
				LD_RUNPATH_SEARCH_PATHS = "$(inherited) @executable_path/Frameworks @loader_path/Frameworks";
				PRODUCT_BUNDLE_IDENTIFIER = com.yod.CYButtonUITests;
				PRODUCT_NAME = "$(TARGET_NAME)";
				TEST_TARGET_NAME = CYButton;
			};
			name = Debug;
		};
		A94920B61DF5612C0089A184 /* Release */ = {
			isa = XCBuildConfiguration;
			buildSettings = {
				INFOPLIST_FILE = CYButtonUITests/Info.plist;
				LD_RUNPATH_SEARCH_PATHS = "$(inherited) @executable_path/Frameworks @loader_path/Frameworks";
				PRODUCT_BUNDLE_IDENTIFIER = com.yod.CYButtonUITests;
				PRODUCT_NAME = "$(TARGET_NAME)";
				TEST_TARGET_NAME = CYButton;
			};
			name = Release;
		};
/* End XCBuildConfiguration section */

/* Begin XCConfigurationList section */
		A949207C1DF5612C0089A184 /* Build configuration list for PBXProject "CYButton" */ = {
			isa = XCConfigurationList;
			buildConfigurations = (
				A94920AC1DF5612C0089A184 /* Debug */,
				A94920AD1DF5612C0089A184 /* Release */,
			);
			defaultConfigurationIsVisible = 0;
			defaultConfigurationName = Release;
		};
		A94920AE1DF5612C0089A184 /* Build configuration list for PBXNativeTarget "CYButton" */ = {
			isa = XCConfigurationList;
			buildConfigurations = (
				A94920AF1DF5612C0089A184 /* Debug */,
				A94920B01DF5612C0089A184 /* Release */,
			);
			defaultConfigurationIsVisible = 0;
		};
		A94920B11DF5612C0089A184 /* Build configuration list for PBXNativeTarget "CYButtonTests" */ = {
			isa = XCConfigurationList;
			buildConfigurations = (
				A94920B21DF5612C0089A184 /* Debug */,
				A94920B31DF5612C0089A184 /* Release */,
			);
			defaultConfigurationIsVisible = 0;
		};
		A94920B41DF5612C0089A184 /* Build configuration list for PBXNativeTarget "CYButtonUITests" */ = {
			isa = XCConfigurationList;
			buildConfigurations = (
				A94920B51DF5612C0089A184 /* Debug */,
				A94920B61DF5612C0089A184 /* Release */,
			);
			defaultConfigurationIsVisible = 0;
		};
/* End XCConfigurationList section */
	};
	rootObject = A94920791DF5612C0089A184 /* Project object */;
}
